<Solution>
  <Folder Name="/Solution Items/">
    <File Path=".editorconfig" />
    <File Path="clean.ps1" />
    <File Path="Directory.Build.props" />
    <File Path="Directory.Packages.props" />
  </Folder>
  <Project Path="DXDemo1/DXDemo1.csproj" Id="d9b1b87e-5f14-41eb-b347-efda3bf8b779" />
  <Project Path="DXDemo2/DXDemo2.csproj" Id="e073df7c-e097-45bf-8bf3-ec24d28f09e7" />
  <Project Path="DXDemo3/DXDemo3.csproj" Id="f2250d61-bfb8-4a6c-9c2b-6f3e4cd5f7b6" />
  <Project Path="DXDemo4/DXDemo4.csproj" Id="f68cb0b8-b66f-4004-a2da-b959e9f66392" />
  <Project Path="DXDemo5/DXDemo5.csproj" Id="4a6e2e46-99f9-4422-841a-425809c270f9" />
  <Project Path="DXDemo6/DXDemo6.csproj" Id="d043ee7e-c3a0-4f0c-a3b6-3b3dd7aadc5b" />
  <Project Path="DXDemo7/DXDemo7.csproj" Id="de29e4da-149a-4bdb-be26-6537dce80168" />
  <Project Path="DXDemo8/DXDemo8.csproj" Id="39ca7132-8a4b-412f-9caa-83f8d2f29ef4" />
  <Project Path="DXDemo8WBOIT/DXDemo8WBOIT.csproj" Id="e2855db2-d9ae-464e-858f-91a8e36a9906" />
  <Project Path="DXDemo9/DXDemo9.csproj" Id="17cdc196-9bf0-41a5-88f2-7d2d26f8a381" />
</Solution>
